
Microsoft Visual Studio Solution File, Format Version 12.00
# Visual Studio Version 16
VisualStudioVersion = 16.0.810.8
MinimumVisualStudioVersion = 10.0.40219.1
Project("{FAE04EC0-301F-11D3-BF4B-00C04F79EFBC}") = "MatrixCalculator", "MatrixCalculator\MatrixCalculator.csproj", "{CC74A027-74ED-423C-9CDE-756F201F3E26}"
EndProject
Global
	GlobalSection(SolutionConfigurationPlatforms) = preSolution
		Debug|Any CPU = Debug|Any CPU
		Release|Any CPU = Release|Any CPU
	EndGlobalSection
	GlobalSection(ProjectConfigurationPlatforms) = postSolution
		{CC74A027-74ED-423C-9CDE-756F201F3E26}.Debug|Any CPU.ActiveCfg = Debug|Any CPU
		{CC74A027-74ED-423C-9CDE-756F201F3E26}.Debug|Any CPU.Build.0 = Debug|Any CPU
		{CC74A027-74ED-423C-9CDE-756F201F3E26}.Release|Any CPU.ActiveCfg = Release|Any CPU
		{CC74A027-74ED-423C-9CDE-756F201F3E26}.Release|Any CPU.Build.0 = Release|Any CPU
	EndGlobalSection
	GlobalSection(SolutionProperties) = preSolution
		HideSolutionNode = FALSE
	EndGlobalSection
	GlobalSection(ExtensibilityGlobals) = postSolution
		SolutionGuid = {976C372E-9B4D-4CFB-AF19-6D885662749F}
	EndGlobalSection
EndGlobal
